// !$*UTF8*$!
{
	archiveVersion = 1;
	classes = {
	};
	objectVersion = 55;
	objects = {

/* Begin PBXBuildFile section */
		9C18AE4927D91C84005C9D3E /* TitleTableViewCell.swift in Sources */ = {isa = PBXBuildFile; fileRef = 9C18AE4827D91C84005C9D3E /* TitleTableViewCell.swift */; };
		9C18AE4B27D91F7F005C9D3E /* TitleViewModel.swift in Sources */ = {isa = PBXBuildFile; fileRef = 9C18AE4A27D91F7F005C9D3E /* TitleViewModel.swift */; };
		9C3DE5FC27CD908E009085FE /* HeroHeaderUIView.swift in Sources */ = {isa = PBXBuildFile; fileRef = 9C3DE5FB27CD908E009085FE /* HeroHeaderUIView.swift */; };
		9C3DE5FE27CEE53E009085FE /* APICaller.swift in Sources */ = {isa = PBXBuildFile; fileRef = 9C3DE5FD27CEE53E009085FE /* APICaller.swift */; };
		9C3DE60027CEE8A7009085FE /* Title.swift in Sources */ = {isa = PBXBuildFile; fileRef = 9C3DE5FF27CEE8A7009085FE /* Title.swift */; };
		9C3DE60227D03151009085FE /* Extensions.swift in Sources */ = {isa = PBXBuildFile; fileRef = 9C3DE60127D03151009085FE /* Extensions.swift */; };
		9C3DE60627D039F1009085FE /* TitleCollectionViewCell.swift in Sources */ = {isa = PBXBuildFile; fileRef = 9C3DE60527D039F1009085FE /* TitleCollectionViewCell.swift */; };
		9C3DE60927D03B78009085FE /* SDWebImage in Frameworks */ = {isa = PBXBuildFile; productRef = 9C3DE60827D03B78009085FE /* SDWebImage */; };
		9C3DE60B27D03B78009085FE /* SDWebImageMapKit in Frameworks */ = {isa = PBXBuildFile; productRef = 9C3DE60A27D03B78009085FE /* SDWebImageMapKit */; };
		9C89B12B27C82466009D9A64 /* AppDelegate.swift in Sources */ = {isa = PBXBuildFile; fileRef = 9C89B12A27C82466009D9A64 /* AppDelegate.swift */; };
		9C89B12D27C82466009D9A64 /* SceneDelegate.swift in Sources */ = {isa = PBXBuildFile; fileRef = 9C89B12C27C82466009D9A64 /* SceneDelegate.swift */; };
		9C89B12F27C82466009D9A64 /* MainTabBarViewController.swift in Sources */ = {isa = PBXBuildFile; fileRef = 9C89B12E27C82466009D9A64 /* MainTabBarViewController.swift */; };
		9C89B13427C82468009D9A64 /* Assets.xcassets in Resources */ = {isa = PBXBuildFile; fileRef = 9C89B13327C82468009D9A64 /* Assets.xcassets */; };
		9C89B13727C82468009D9A64 /* LaunchScreen.storyboard in Resources */ = {isa = PBXBuildFile; fileRef = 9C89B13527C82468009D9A64 /* LaunchScreen.storyboard */; };
		9C89B14027C826B1009D9A64 /* HomeViewController.swift in Sources */ = {isa = PBXBuildFile; fileRef = 9C89B13F27C826B1009D9A64 /* HomeViewController.swift */; };
		9C89B14227C826D1009D9A64 /* UpcomingViewController.swift in Sources */ = {isa = PBXBuildFile; fileRef = 9C89B14127C826D1009D9A64 /* UpcomingViewController.swift */; };
		9C89B14427C826E4009D9A64 /* SearchViewController.swift in Sources */ = {isa = PBXBuildFile; fileRef = 9C89B14327C826E4009D9A64 /* SearchViewController.swift */; };
		9C89B14627C826FA009D9A64 /* DownloadsViewController.swift in Sources */ = {isa = PBXBuildFile; fileRef = 9C89B14527C826FA009D9A64 /* DownloadsViewController.swift */; };
		9C91808A27CAE40400FBA15E /* CollectionViewTableViewCell.swift in Sources */ = {isa = PBXBuildFile; fileRef = 9C91808927CAE40400FBA15E /* CollectionViewTableViewCell.swift */; };
		9C9514B527E65E98008700CC /* SearchResultsViewController.swift in Sources */ = {isa = PBXBuildFile; fileRef = 9C9514B427E65E98008700CC /* SearchResultsViewController.swift */; };
/* End PBXBuildFile section */

/* Begin PBXFileReference section */
		9C18AE4827D91C84005C9D3E /* TitleTableViewCell.swift */ = {isa = PBXFileReference; lastKnownFileType = sourcecode.swift; path = TitleTableViewCell.swift; sourceTree = "<group>"; };
		9C18AE4A27D91F7F005C9D3E /* TitleViewModel.swift */ = {isa = PBXFileReference; lastKnownFileType = sourcecode.swift; path = TitleViewModel.swift; sourceTree = "<group>"; };
		9C3DE5FB27CD908E009085FE /* HeroHeaderUIView.swift */ = {isa = PBXFileReference; lastKnownFileType = sourcecode.swift; path = HeroHeaderUIView.swift; sourceTree = "<group>"; };
		9C3DE5FD27CEE53E009085FE /* APICaller.swift */ = {isa = PBXFileReference; lastKnownFileType = sourcecode.swift; path = APICaller.swift; sourceTree = "<group>"; };
		9C3DE5FF27CEE8A7009085FE /* Title.swift */ = {isa = PBXFileReference; lastKnownFileType = sourcecode.swift; path = Title.swift; sourceTree = "<group>"; };
		9C3DE60127D03151009085FE /* Extensions.swift */ = {isa = PBXFileReference; lastKnownFileType = sourcecode.swift; path = Extensions.swift; sourceTree = "<group>"; };
		9C3DE60527D039F1009085FE /* TitleCollectionViewCell.swift */ = {isa = PBXFileReference; lastKnownFileType = sourcecode.swift; path = TitleCollectionViewCell.swift; sourceTree = "<group>"; };
		9C89B12727C82466009D9A64 /* NetflixCloneAppMVVM.app */ = {isa = PBXFileReference; explicitFileType = wrapper.application; includeInIndex = 0; path = NetflixCloneAppMVVM.app; sourceTree = BUILT_PRODUCTS_DIR; };
		9C89B12A27C82466009D9A64 /* AppDelegate.swift */ = {isa = PBXFileReference; lastKnownFileType = sourcecode.swift; path = AppDelegate.swift; sourceTree = "<group>"; };
		9C89B12C27C82466009D9A64 /* SceneDelegate.swift */ = {isa = PBXFileReference; lastKnownFileType = sourcecode.swift; path = SceneDelegate.swift; sourceTree = "<group>"; };
		9C89B12E27C82466009D9A64 /* MainTabBarViewController.swift */ = {isa = PBXFileReference; lastKnownFileType = sourcecode.swift; path = MainTabBarViewController.swift; sourceTree = "<group>"; };
		9C89B13327C82468009D9A64 /* Assets.xcassets */ = {isa = PBXFileReference; lastKnownFileType = folder.assetcatalog; path = Assets.xcassets; sourceTree = "<group>"; };
		9C89B13627C82468009D9A64 /* Base */ = {isa = PBXFileReference; lastKnownFileType = file.storyboard; name = Base; path = Base.lproj/LaunchScreen.storyboard; sourceTree = "<group>"; };
		9C89B13827C82468009D9A64 /* Info.plist */ = {isa = PBXFileReference; lastKnownFileType = text.plist.xml; path = Info.plist; sourceTree = "<group>"; };
		9C89B13F27C826B1009D9A64 /* HomeViewController.swift */ = {isa = PBXFileReference; lastKnownFileType = sourcecode.swift; path = HomeViewController.swift; sourceTree = "<group>"; };
		9C89B14127C826D1009D9A64 /* UpcomingViewController.swift */ = {isa = PBXFileReference; lastKnownFileType = sourcecode.swift; path = UpcomingViewController.swift; sourceTree = "<group>"; };
		9C89B14327C826E4009D9A64 /* SearchViewController.swift */ = {isa = PBXFileReference; lastKnownFileType = sourcecode.swift; path = SearchViewController.swift; sourceTree = "<group>"; };
		9C89B14527C826FA009D9A64 /* DownloadsViewController.swift */ = {isa = PBXFileReference; lastKnownFileType = sourcecode.swift; path = DownloadsViewController.swift; sourceTree = "<group>"; };
		9C91808927CAE40400FBA15E /* CollectionViewTableViewCell.swift */ = {isa = PBXFileReference; lastKnownFileType = sourcecode.swift; path = CollectionViewTableViewCell.swift; sourceTree = "<group>"; };
		9C9514B427E65E98008700CC /* SearchResultsViewController.swift */ = {isa = PBXFileReference; lastKnownFileType = sourcecode.swift; path = SearchResultsViewController.swift; sourceTree = "<group>"; };
/* End PBXFileReference section */

/* Begin PBXFrameworksBuildPhase section */
		9C89B12427C82466009D9A64 /* Frameworks */ = {
			isa = PBXFrameworksBuildPhase;
			buildActionMask = 2147483647;
			files = (
				9C3DE60B27D03B78009085FE /* SDWebImageMapKit in Frameworks */,
				9C3DE60927D03B78009085FE /* SDWebImage in Frameworks */,
			);
			runOnlyForDeploymentPostprocessing = 0;
		};
/* End PBXFrameworksBuildPhase section */

/* Begin PBXGroup section */
		9C89B11E27C82466009D9A64 = {
			isa = PBXGroup;
			children = (
				9C89B12927C82466009D9A64 /* NetflixCloneAppMVVM */,
				9C89B12827C82466009D9A64 /* Products */,
			);
			sourceTree = "<group>";
		};
		9C89B12827C82466009D9A64 /* Products */ = {
			isa = PBXGroup;
			children = (
				9C89B12727C82466009D9A64 /* NetflixCloneAppMVVM.app */,
			);
			name = Products;
			sourceTree = "<group>";
		};
		9C89B12927C82466009D9A64 /* NetflixCloneAppMVVM */ = {
			isa = PBXGroup;
			children = (
				9C91808827CAE3D800FBA15E /* ViewModels */,
				9C91808727CAE3D100FBA15E /* Views */,
				9C91808627CAE3CA00FBA15E /* Models */,
				9C91808527CAE3C000FBA15E /* Resources */,
				9C91808427CAE3B700FBA15E /* Managers */,
				9C89B13E27C82696009D9A64 /* Controllers */,
				9C89B12A27C82466009D9A64 /* AppDelegate.swift */,
				9C89B12C27C82466009D9A64 /* SceneDelegate.swift */,
				9C89B12E27C82466009D9A64 /* MainTabBarViewController.swift */,
				9C89B13327C82468009D9A64 /* Assets.xcassets */,
				9C89B13527C82468009D9A64 /* LaunchScreen.storyboard */,
				9C89B13827C82468009D9A64 /* Info.plist */,
			);
			path = NetflixCloneAppMVVM;
			sourceTree = "<group>";
		};
		9C89B13E27C82696009D9A64 /* Controllers */ = {
			isa = PBXGroup;
			children = (
				9C9514B627E65EAF008700CC /* Core */,
				9C9514B727E65EC5008700CC /* General */,
			);
			path = Controllers;
			sourceTree = "<group>";
		};
		9C91808427CAE3B700FBA15E /* Managers */ = {
			isa = PBXGroup;
			children = (
				9C3DE5FD27CEE53E009085FE /* APICaller.swift */,
			);
			path = Managers;
			sourceTree = "<group>";
		};
		9C91808527CAE3C000FBA15E /* Resources */ = {
			isa = PBXGroup;
			children = (
				9C3DE60127D03151009085FE /* Extensions.swift */,
			);
			path = Resources;
			sourceTree = "<group>";
		};
		9C91808627CAE3CA00FBA15E /* Models */ = {
			isa = PBXGroup;
			children = (
				9C3DE5FF27CEE8A7009085FE /* Title.swift */,
			);
			path = Models;
			sourceTree = "<group>";
		};
		9C91808727CAE3D100FBA15E /* Views */ = {
			isa = PBXGroup;
			children = (
				9C91808927CAE40400FBA15E /* CollectionViewTableViewCell.swift */,
				9C3DE5FB27CD908E009085FE /* HeroHeaderUIView.swift */,
				9C3DE60527D039F1009085FE /* TitleCollectionViewCell.swift */,
				9C18AE4827D91C84005C9D3E /* TitleTableViewCell.swift */,
			);
			path = Views;
			sourceTree = "<group>";
		};
		9C91808827CAE3D800FBA15E /* ViewModels */ = {
			isa = PBXGroup;
			children = (
				9C18AE4A27D91F7F005C9D3E /* TitleViewModel.swift */,
			);
			path = ViewModels;
			sourceTree = "<group>";
		};
		9C9514B627E65EAF008700CC /* Core */ = {
			isa = PBXGroup;
			children = (
				9C89B13F27C826B1009D9A64 /* HomeViewController.swift */,
				9C89B14127C826D1009D9A64 /* UpcomingViewController.swift */,
				9C89B14327C826E4009D9A64 /* SearchViewController.swift */,
				9C89B14527C826FA009D9A64 /* DownloadsViewController.swift */,
			);
			path = Core;
			sourceTree = "<group>";
		};
		9C9514B727E65EC5008700CC /* General */ = {
			isa = PBXGroup;
			children = (
				9C9514B427E65E98008700CC /* SearchResultsViewController.swift */,
			);
			path = General;
			sourceTree = "<group>";
		};
/* End PBXGroup section */

/* Begin PBXNativeTarget section */
		9C89B12627C82466009D9A64 /* NetflixCloneAppMVVM */ = {
			isa = PBXNativeTarget;
			buildConfigurationList = 9C89B13B27C82468009D9A64 /* Build configuration list for PBXNativeTarget "NetflixCloneAppMVVM" */;
			buildPhases = (
				9C89B12327C82466009D9A64 /* Sources */,
				9C89B12427C82466009D9A64 /* Frameworks */,
				9C89B12527C82466009D9A64 /* Resources */,
			);
			buildRules = (
			);
			dependencies = (
			);
			name = NetflixCloneAppMVVM;
			packageProductDependencies = (
				9C3DE60827D03B78009085FE /* SDWebImage */,
				9C3DE60A27D03B78009085FE /* SDWebImageMapKit */,
			);
			productName = NetflixCloneAppMVVM;
			productReference = 9C89B12727C82466009D9A64 /* NetflixCloneAppMVVM.app */;
			productType = "com.apple.product-type.application";
		};
/* End PBXNativeTarget section */

/* Begin PBXProject section */
		9C89B11F27C82466009D9A64 /* Project object */ = {
			isa = PBXProject;
			attributes = {
				BuildIndependentTargetsInParallel = 1;
				LastSwiftUpdateCheck = 1310;
				LastUpgradeCheck = 1310;
				TargetAttributes = {
					9C89B12627C82466009D9A64 = {
						CreatedOnToolsVersion = 13.1;
					};
				};
			};
			buildConfigurationList = 9C89B12227C82466009D9A64 /* Build configuration list for PBXProject "NetflixCloneAppMVVM" */;
			compatibilityVersion = "Xcode 13.0";
			developmentRegion = en;
			hasScannedForEncodings = 0;
			knownRegions = (
				en,
				Base,
			);
			mainGroup = 9C89B11E27C82466009D9A64;
			packageReferences = (
				9C3DE60727D03B78009085FE /* XCRemoteSwiftPackageReference "SDWebImage" */,
			);
			productRefGroup = 9C89B12827C82466009D9A64 /* Products */;
			projectDirPath = "";
			projectRoot = "";
			targets = (
				9C89B12627C82466009D9A64 /* NetflixCloneAppMVVM */,
			);
		};
/* End PBXProject section */

/* Begin PBXResourcesBuildPhase section */
		9C89B12527C82466009D9A64 /* Resources */ = {
			isa = PBXResourcesBuildPhase;
			buildActionMask = 2147483647;
			files = (
				9C89B13727C82468009D9A64 /* LaunchScreen.storyboard in Resources */,
				9C89B13427C82468009D9A64 /* Assets.xcassets in Resources */,
			);
			runOnlyForDeploymentPostprocessing = 0;
		};
/* End PBXResourcesBuildPhase section */

/* Begin PBXSourcesBuildPhase section */
		9C89B12327C82466009D9A64 /* Sources */ = {
			isa = PBXSourcesBuildPhase;
			buildActionMask = 2147483647;
			files = (
				9C18AE4927D91C84005C9D3E /* TitleTableViewCell.swift in Sources */,
				9C89B14427C826E4009D9A64 /* SearchViewController.swift in Sources */,
				9C3DE60627D039F1009085FE /* TitleCollectionViewCell.swift in Sources */,
				9C89B12F27C82466009D9A64 /* MainTabBarViewController.swift in Sources */,
				9C91808A27CAE40400FBA15E /* CollectionViewTableViewCell.swift in Sources */,
				9C3DE5FE27CEE53E009085FE /* APICaller.swift in Sources */,
				9C3DE5FC27CD908E009085FE /* HeroHeaderUIView.swift in Sources */,
				9C89B12B27C82466009D9A64 /* AppDelegate.swift in Sources */,
				9C89B14627C826FA009D9A64 /* DownloadsViewController.swift in Sources */,
				9C9514B527E65E98008700CC /* SearchResultsViewController.swift in Sources */,
				9C3DE60227D03151009085FE /* Extensions.swift in Sources */,
				9C89B12D27C82466009D9A64 /* SceneDelegate.swift in Sources */,
				9C89B14227C826D1009D9A64 /* UpcomingViewController.swift in Sources */,
				9C3DE60027CEE8A7009085FE /* Title.swift in Sources */,
				9C89B14027C826B1009D9A64 /* HomeViewController.swift in Sources */,
				9C18AE4B27D91F7F005C9D3E /* TitleViewModel.swift in Sources */,
			);
			runOnlyForDeploymentPostprocessing = 0;
		};
/* End PBXSourcesBuildPhase section */

/* Begin PBXVariantGroup section */
		9C89B13527C82468009D9A64 /* LaunchScreen.storyboard */ = {
			isa = PBXVariantGroup;
			children = (
				9C89B13627C82468009D9A64 /* Base */,
			);
			name = LaunchScreen.storyboard;
			sourceTree = "<group>";
		};
/* End PBXVariantGroup section */

/* Begin XCBuildConfiguration section */
		9C89B13927C82468009D9A64 /* Debug */ = {
			isa = XCBuildConfiguration;
			buildSettings = {
				ALWAYS_SEARCH_USER_PATHS = NO;
				CLANG_ANALYZER_NONNULL = YES;
				CLANG_ANALYZER_NUMBER_OBJECT_CONVERSION = YES_AGGRESSIVE;
				CLANG_CXX_LANGUAGE_STANDARD = "gnu++17";
				CLANG_CXX_LIBRARY = "libc++";
				CLANG_ENABLE_MODULES = YES;
				CLANG_ENABLE_OBJC_ARC = YES;
				CLANG_ENABLE_OBJC_WEAK = YES;
				CLANG_WARN_BLOCK_CAPTURE_AUTORELEASING = YES;
				CLANG_WARN_BOOL_CONVERSION = YES;
				CLANG_WARN_COMMA = YES;
				CLANG_WARN_CONSTANT_CONVERSION = YES;
				CLANG_WARN_DEPRECATED_OBJC_IMPLEMENTATIONS = YES;
				CLANG_WARN_DIRECT_OBJC_ISA_USAGE = YES_ERROR;
				CLANG_WARN_DOCUMENTATION_COMMENTS = YES;
				CLANG_WARN_EMPTY_BODY = YES;
				CLANG_WARN_ENUM_CONVERSION = YES;
				CLANG_WARN_INFINITE_RECURSION = YES;
				CLANG_WARN_INT_CONVERSION = YES;
				CLANG_WARN_NON_LITERAL_NULL_CONVERSION = YES;
				CLANG_WARN_OBJC_IMPLICIT_RETAIN_SELF = YES;
				CLANG_WARN_OBJC_LITERAL_CONVERSION = YES;
				CLANG_WARN_OBJC_ROOT_CLASS = YES_ERROR;
				CLANG_WARN_QUOTED_INCLUDE_IN_FRAMEWORK_HEADER = YES;
				CLANG_WARN_RANGE_LOOP_ANALYSIS = YES;
				CLANG_WARN_STRICT_PROTOTYPES = YES;
				CLANG_WARN_SUSPICIOUS_MOVE = YES;
				CLANG_WARN_UNGUARDED_AVAILABILITY = YES_AGGRESSIVE;
				CLANG_WARN_UNREACHABLE_CODE = YES;
				CLANG_WARN__DUPLICATE_METHOD_MATCH = YES;
				COPY_PHASE_STRIP = NO;
				DEBUG_INFORMATION_FORMAT = dwarf;
				ENABLE_STRICT_OBJC_MSGSEND = YES;
				ENABLE_TESTABILITY = YES;
				GCC_C_LANGUAGE_STANDARD = gnu11;
				GCC_DYNAMIC_NO_PIC = NO;
				GCC_NO_COMMON_BLOCKS = YES;
				GCC_OPTIMIZATION_LEVEL = 0;
				GCC_PREPROCESSOR_DEFINITIONS = (
					"DEBUG=1",
					"$(inherited)",
				);
				GCC_WARN_64_TO_32_BIT_CONVERSION = YES;
				GCC_WARN_ABOUT_RETURN_TYPE = YES_ERROR;
				GCC_WARN_UNDECLARED_SELECTOR = YES;
				GCC_WARN_UNINITIALIZED_AUTOS = YES_AGGRESSIVE;
				GCC_WARN_UNUSED_FUNCTION = YES;
				GCC_WARN_UNUSED_VARIABLE = YES;
				IPHONEOS_DEPLOYMENT_TARGET = 15.0;
				MTL_ENABLE_DEBUG_INFO = INCLUDE_SOURCE;
				MTL_FAST_MATH = YES;
				ONLY_ACTIVE_ARCH = YES;
				SDKROOT = iphoneos;
				SWIFT_ACTIVE_COMPILATION_CONDITIONS = DEBUG;
				SWIFT_OPTIMIZATION_LEVEL = "-Onone";
			};
			name = Debug;
		};
		9C89B13A27C82468009D9A64 /* Release */ = {
			isa = XCBuildConfiguration;
			buildSettings = {
				ALWAYS_SEARCH_USER_PATHS = NO;
				CLANG_ANALYZER_NONNULL = YES;
				CLANG_ANALYZER_NUMBER_OBJECT_CONVERSION = YES_AGGRESSIVE;
				CLANG_CXX_LANGUAGE_STANDARD = "gnu++17";
				CLANG_CXX_LIBRARY = "libc++";
				CLANG_ENABLE_MODULES = YES;
				CLANG_ENABLE_OBJC_ARC = YES;
				CLANG_ENABLE_OBJC_WEAK = YES;
				CLANG_WARN_BLOCK_CAPTURE_AUTORELEASING = YES;
				CLANG_WARN_BOOL_CONVERSION = YES;
				CLANG_WARN_COMMA = YES;
				CLANG_WARN_CONSTANT_CONVERSION = YES;
				CLANG_WARN_DEPRECATED_OBJC_IMPLEMENTATIONS = YES;
				CLANG_WARN_DIRECT_OBJC_ISA_USAGE = YES_ERROR;
				CLANG_WARN_DOCUMENTATION_COMMENTS = YES;
				CLANG_WARN_EMPTY_BODY = YES;
				CLANG_WARN_ENUM_CONVERSION = YES;
				CLANG_WARN_INFINITE_RECURSION = YES;
				CLANG_WARN_INT_CONVERSION = YES;
				CLANG_WARN_NON_LITERAL_NULL_CONVERSION = YES;
				CLANG_WARN_OBJC_IMPLICIT_RETAIN_SELF = YES;
				CLANG_WARN_OBJC_LITERAL_CONVERSION = YES;
				CLANG_WARN_OBJC_ROOT_CLASS = YES_ERROR;
				CLANG_WARN_QUOTED_INCLUDE_IN_FRAMEWORK_HEADER = YES;
				CLANG_WARN_RANGE_LOOP_ANALYSIS = YES;
				CLANG_WARN_STRICT_PROTOTYPES = YES;
				CLANG_WARN_SUSPICIOUS_MOVE = YES;
				CLANG_WARN_UNGUARDED_AVAILABILITY = YES_AGGRESSIVE;
				CLANG_WARN_UNREACHABLE_CODE = YES;
				CLANG_WARN__DUPLICATE_METHOD_MATCH = YES;
				COPY_PHASE_STRIP = NO;
				DEBUG_INFORMATION_FORMAT = "dwarf-with-dsym";
				ENABLE_NS_ASSERTIONS = NO;
				ENABLE_STRICT_OBJC_MSGSEND = YES;
				GCC_C_LANGUAGE_STANDARD = gnu11;
				GCC_NO_COMMON_BLOCKS = YES;
				GCC_WARN_64_TO_32_BIT_CONVERSION = YES;
				GCC_WARN_ABOUT_RETURN_TYPE = YES_ERROR;
				GCC_WARN_UNDECLARED_SELECTOR = YES;
				GCC_WARN_UNINITIALIZED_AUTOS = YES_AGGRESSIVE;
				GCC_WARN_UNUSED_FUNCTION = YES;
				GCC_WARN_UNUSED_VARIABLE = YES;
				IPHONEOS_DEPLOYMENT_TARGET = 15.0;
				MTL_ENABLE_DEBUG_INFO = NO;
				MTL_FAST_MATH = YES;
				SDKROOT = iphoneos;
				SWIFT_COMPILATION_MODE = wholemodule;
				SWIFT_OPTIMIZATION_LEVEL = "-O";
				VALIDATE_PRODUCT = YES;
			};
			name = Release;
		};
		9C89B13C27C82468009D9A64 /* Debug */ = {
			isa = XCBuildConfiguration;
			buildSettings = {
				ASSETCATALOG_COMPILER_APPICON_NAME = AppIcon;
				ASSETCATALOG_COMPILER_GLOBAL_ACCENT_COLOR_NAME = AccentColor;
				CODE_SIGN_STYLE = Automatic;
				CURRENT_PROJECT_VERSION = 1;
				GENERATE_INFOPLIST_FILE = YES;
				INFOPLIST_FILE = NetflixCloneAppMVVM/Info.plist;
				INFOPLIST_KEY_UIApplicationSupportsIndirectInputEvents = YES;
				INFOPLIST_KEY_UILaunchStoryboardName = LaunchScreen;
				INFOPLIST_KEY_UISupportedInterfaceOrientations_iPad = "UIInterfaceOrientationPortrait UIInterfaceOrientationPortraitUpsideDown UIInterfaceOrientationLandscapeLeft UIInterfaceOrientationLandscapeRight";
				INFOPLIST_KEY_UISupportedInterfaceOrientations_iPhone = "UIInterfaceOrientationPortrait UIInterfaceOrientationLandscapeLeft UIInterfaceOrientationLandscapeRight";
				LD_RUNPATH_SEARCH_PATHS = (
					"$(inherited)",
					"@executable_path/Frameworks",
				);
				MARKETING_VERSION = 1.0;
				PRODUCT_BUNDLE_IDENTIFIER = americo.mq.NetflixCloneAppMVVM;
				PRODUCT_NAME = "$(TARGET_NAME)";
				SWIFT_EMIT_LOC_STRINGS = YES;
				SWIFT_VERSION = 5.0;
				TARGETED_DEVICE_FAMILY = "1,2";
			};
			name = Debug;
		};
		9C89B13D27C82468009D9A64 /* Release */ = {
			isa = XCBuildConfiguration;
			buildSettings = {
				ASSETCATALOG_COMPILER_APPICON_NAME = AppIcon;
				ASSETCATALOG_COMPILER_GLOBAL_ACCENT_COLOR_NAME = AccentColor;
				CODE_SIGN_STYLE = Automatic;
				CURRENT_PROJECT_VERSION = 1;
				GENERATE_INFOPLIST_FILE = YES;
				INFOPLIST_FILE = NetflixCloneAppMVVM/Info.plist;
				INFOPLIST_KEY_UIApplicationSupportsIndirectInputEvents = YES;
				INFOPLIST_KEY_UILaunchStoryboardName = LaunchScreen;
				INFOPLIST_KEY_UISupportedInterfaceOrientations_iPad = "UIInterfaceOrientationPortrait UIInterfaceOrientationPortraitUpsideDown UIInterfaceOrientationLandscapeLeft UIInterfaceOrientationLandscapeRight";
				INFOPLIST_KEY_UISupportedInterfaceOrientations_iPhone = "UIInterfaceOrientationPortrait UIInterfaceOrientationLandscapeLeft UIInterfaceOrientationLandscapeRight";
				LD_RUNPATH_SEARCH_PATHS = (
					"$(inherited)",
					"@executable_path/Frameworks",
				);
				MARKETING_VERSION = 1.0;
				PRODUCT_BUNDLE_IDENTIFIER = americo.mq.NetflixCloneAppMVVM;
				PRODUCT_NAME = "$(TARGET_NAME)";
				SWIFT_EMIT_LOC_STRINGS = YES;
				SWIFT_VERSION = 5.0;
				TARGETED_DEVICE_FAMILY = "1,2";
			};
			name = Release;
		};
/* End XCBuildConfiguration section */

/* Begin XCConfigurationList section */
		9C89B12227C82466009D9A64 /* Build configuration list for PBXProject "NetflixCloneAppMVVM" */ = {
			isa = XCConfigurationList;
			buildConfigurations = (
				9C89B13927C82468009D9A64 /* Debug */,
				9C89B13A27C82468009D9A64 /* Release */,
			);
			defaultConfigurationIsVisible = 0;
			defaultConfigurationName = Release;
		};
		9C89B13B27C82468009D9A64 /* Build configuration list for PBXNativeTarget "NetflixCloneAppMVVM" */ = {
			isa = XCConfigurationList;
			buildConfigurations = (
				9C89B13C27C82468009D9A64 /* Debug */,
				9C89B13D27C82468009D9A64 /* Release */,
			);
			defaultConfigurationIsVisible = 0;
			defaultConfigurationName = Release;
		};
/* End XCConfigurationList section */

/* Begin XCRemoteSwiftPackageReference section */
		9C3DE60727D03B78009085FE /* XCRemoteSwiftPackageReference "SDWebImage" */ = {
			isa = XCRemoteSwiftPackageReference;
			repositoryURL = "https://github.com/SDWebImage/SDWebImage.git";
			requirement = {
				branch = master;
				kind = branch;
			};
		};
/* End XCRemoteSwiftPackageReference section */

/* Begin XCSwiftPackageProductDependency section */
		9C3DE60827D03B78009085FE /* SDWebImage */ = {
			isa = XCSwiftPackageProductDependency;
			package = 9C3DE60727D03B78009085FE /* XCRemoteSwiftPackageReference "SDWebImage" */;
			productName = SDWebImage;
		};
		9C3DE60A27D03B78009085FE /* SDWebImageMapKit */ = {
			isa = XCSwiftPackageProductDependency;
			package = 9C3DE60727D03B78009085FE /* XCRemoteSwiftPackageReference "SDWebImage" */;
			productName = SDWebImageMapKit;
		};
/* End XCSwiftPackageProductDependency section */
	};
	rootObject = 9C89B11F27C82466009D9A64 /* Project object */;
}
